
Microsoft Visual Studio Solution File, Format Version 12.00
# Visual Studio Version 17
VisualStudioVersion = 17.8.34322.80
MinimumVisualStudioVersion = 10.0.40219.1
Project("{FAE04EC0-301F-11D3-BF4B-00C04F79EFBC}") = "bayBayanKuafor", "bayBayanKuafor\bayBayanKuafor.csproj", "{EDD9B1E1-5E13-402C-ACA6-4AEEF4A98276}"
EndProject
Global
	GlobalSection(SolutionConfigurationPlatforms) = preSolution
		Debug|Any CPU = Debug|Any CPU
		Release|Any CPU = Release|Any CPU
	EndGlobalSection
	GlobalSection(ProjectConfigurationPlatforms) = postSolution
		{EDD9B1E1-5E13-402C-ACA6-4AEEF4A98276}.Debug|Any CPU.ActiveCfg = Debug|Any CPU
		{EDD9B1E1-5E13-402C-ACA6-4AEEF4A98276}.Debug|Any CPU.Build.0 = Debug|Any CPU
		{EDD9B1E1-5E13-402C-ACA6-4AEEF4A98276}.Release|Any CPU.ActiveCfg = Release|Any CPU
		{EDD9B1E1-5E13-402C-ACA6-4AEEF4A98276}.Release|Any CPU.Build.0 = Release|Any CPU
	EndGlobalSection
	GlobalSection(SolutionProperties) = preSolution
		HideSolutionNode = FALSE
	EndGlobalSection
	GlobalSection(ExtensibilityGlobals) = postSolution
		SolutionGuid = {C609CEBD-B405-4869-BA1B-A770B97E91FC}
	EndGlobalSection
EndGlobal
